
Microsoft Visual Studio Solution File, Format Version 12.00
# Visual Studio Version 16
VisualStudioVersion = 16.0.28922.388
MinimumVisualStudioVersion = 10.0.40219.1
Project("{2150E333-8FDC-42A3-9474-1A3956D46DE8}") = "Core", "Core", "{30148431-9317-448C-9BAD-D37A5935720E}"
EndProject
Project("{2150E333-8FDC-42A3-9474-1A3956D46DE8}") = "Frameworks", "Frameworks", "{800999C2-3398-412A-BF4A-294E3354751C}"
EndProject
Project("{2150E333-8FDC-42A3-9474-1A3956D46DE8}") = "Plugins", "Plugins", "{68DC8700-6E1B-4F4D-914B-6D6C9EA78D82}"
EndProject
Project("{9A19103F-16F7-4668-BE54-9A1E7A4F7556}") = "DP Data Server Queries", "Core\THB Data Server Queries\DP Data Server Queries.csproj", "{81EDF4B2-6755-483B-8422-9BD10EEA09C9}"
EndProject
Project("{9A19103F-16F7-4668-BE54-9A1E7A4F7556}") = "DP Data Types", "Core\THB Data Types\DP Data Types.csproj", "{51DACEA7-A2BE-4BE2-82E8-8F6D9532F6D3}"
EndProject
Project("{2150E333-8FDC-42A3-9474-1A3956D46DE8}") = "Apps", "Apps", "{C517EC55-BCAD-4B01-9717-0EFB43615CEA}"
EndProject
Project("{2150E333-8FDC-42A3-9474-1A3956D46DE8}") = "Clients", "Clients", "{43763FB1-DB19-45B6-B227-B2919EE63F26}"
EndProject
Project("{2150E333-8FDC-42A3-9474-1A3956D46DE8}") = "Servers", "Servers", "{7FAD9DDF-9F0F-4C09-9AF9-0B9A8B607F92}"
EndProject
Project("{2150E333-8FDC-42A3-9474-1A3956D46DE8}") = "Client", "Client", "{00F6D91B-EC95-41DE-A4E9-70C90538F1E5}"
EndProject
Project("{2150E333-8FDC-42A3-9474-1A3956D46DE8}") = "Service", "Service", "{0240AA77-022A-4DAF-8679-BF1E7830850A}"
EndProject
Project("{FAE04EC0-301F-11D3-BF4B-00C04F79EFBC}") = "StatisticsProvider", "Plugins\Service\StatisticsProvider\StatisticsProvider.csproj", "{5C32D6E0-A271-42F4-8059-548910D58268}"
EndProject
Project("{FAE04EC0-301F-11D3-BF4B-00C04F79EFBC}") = "WpfHandler", "Frameworks\WpfHandler\WpfHandler.csproj", "{9A1F206B-1F7A-43DF-8A08-D86F26B8FC81}"
EndProject
Project("{FAE04EC0-301F-11D3-BF4B-00C04F79EFBC}") = "DPC Plugin Exams", "Plugins\Client\DPC Plugin Exams\DPC Plugin Exams.csproj", "{4E45928C-D38F-47EF-9895-6CE80BC1A925}"
EndProject
Project("{FAE04EC0-301F-11D3-BF4B-00C04F79EFBC}") = "DPC Plugin Lesson", "Plugins\Client\DPC Plugin Lesson\DPC Plugin Lesson.csproj", "{0A74B3FF-299C-409B-866B-0E5E1690614F}"
EndProject
Project("{FAE04EC0-301F-11D3-BF4B-00C04F79EFBC}") = "DPC Plugin Orders", "Plugins\Client\DPC Plugin Orders\DPC Plugin Orders.csproj", "{B742F3AC-1FAC-4D65-9A9F-31BA7748A06F}"
EndProject
Project("{FAE04EC0-301F-11D3-BF4B-00C04F79EFBC}") = "DPC Plugin Social", "Plugins\Client\DPC Plugin Social\DPC Plugin Social.csproj", "{D9DEBB80-3732-4526-9CB8-D95C37820E5E}"
EndProject
Project("{FAE04EC0-301F-11D3-BF4B-00C04F79EFBC}") = "DP Data Server", "Apps\Servers\DP Data Server\DP Data Server.csproj", "{82899374-EEF2-4DCF-A1A4-9C46D1081966}"
EndProject
Project("{FAE04EC0-301F-11D3-BF4B-00C04F79EFBC}") = "DatumPoint", "Apps\Clients\DatumPoint\DatumPoint.csproj", "{CD60D0CB-7ADD-4FF9-8ED5-272AAD5C8622}"
EndProject
Project("{FAE04EC0-301F-11D3-BF4B-00C04F79EFBC}") = "UniformDataOperator", "Frameworks\UniformDataOperator\UniformDataOperator.csproj", "{98BD25CA-0338-405B-A1CA-1A63CE9DA34D}"
EndProject
Project("{2150E333-8FDC-42A3-9474-1A3956D46DE8}") = "Local", "Local", "{F56CAA6A-7EB9-4719-B24F-EE71627F98A1}"
EndProject
Project("{8BC9CEB8-8B4A-11D0-8D11-00A0C91BC942}") = "WPFShaders", "Local\WPFShaders\WPFShaders.vcxproj", "{36C1214F-5E63-4BA2-8C10-DD04DA5633BB}"
EndProject
Global
	GlobalSection(SolutionConfigurationPlatforms) = preSolution
		Debug|Any CPU = Debug|Any CPU
		Debug|x64 = Debug|x64
		Debug|x86 = Debug|x86
		Release|Any CPU = Release|Any CPU
		Release|x64 = Release|x64
		Release|x86 = Release|x86
	EndGlobalSection
	GlobalSection(ProjectConfigurationPlatforms) = postSolution
		{81EDF4B2-6755-483B-8422-9BD10EEA09C9}.Debug|Any CPU.ActiveCfg = Debug|Any CPU
		{81EDF4B2-6755-483B-8422-9BD10EEA09C9}.Debug|Any CPU.Build.0 = Debug|Any CPU
		{81EDF4B2-6755-483B-8422-9BD10EEA09C9}.Debug|x64.ActiveCfg = Debug|Any CPU
		{81EDF4B2-6755-483B-8422-9BD10EEA09C9}.Debug|x64.Build.0 = Debug|Any CPU
		{81EDF4B2-6755-483B-8422-9BD10EEA09C9}.Debug|x86.ActiveCfg = Debug|Any CPU
		{81EDF4B2-6755-483B-8422-9BD10EEA09C9}.Debug|x86.Build.0 = Debug|Any CPU
		{81EDF4B2-6755-483B-8422-9BD10EEA09C9}.Release|Any CPU.ActiveCfg = Release|Any CPU
		{81EDF4B2-6755-483B-8422-9BD10EEA09C9}.Release|Any CPU.Build.0 = Release|Any CPU
		{81EDF4B2-6755-483B-8422-9BD10EEA09C9}.Release|x64.ActiveCfg = Release|Any CPU
		{81EDF4B2-6755-483B-8422-9BD10EEA09C9}.Release|x64.Build.0 = Release|Any CPU
		{81EDF4B2-6755-483B-8422-9BD10EEA09C9}.Release|x86.ActiveCfg = Release|Any CPU
		{81EDF4B2-6755-483B-8422-9BD10EEA09C9}.Release|x86.Build.0 = Release|Any CPU
		{51DACEA7-A2BE-4BE2-82E8-8F6D9532F6D3}.Debug|Any CPU.ActiveCfg = Debug|Any CPU
		{51DACEA7-A2BE-4BE2-82E8-8F6D9532F6D3}.Debug|Any CPU.Build.0 = Debug|Any CPU
		{51DACEA7-A2BE-4BE2-82E8-8F6D9532F6D3}.Debug|x64.ActiveCfg = Debug|Any CPU
		{51DACEA7-A2BE-4BE2-82E8-8F6D9532F6D3}.Debug|x64.Build.0 = Debug|Any CPU
		{51DACEA7-A2BE-4BE2-82E8-8F6D9532F6D3}.Debug|x86.ActiveCfg = Debug|Any CPU
		{51DACEA7-A2BE-4BE2-82E8-8F6D9532F6D3}.Debug|x86.Build.0 = Debug|Any CPU
		{51DACEA7-A2BE-4BE2-82E8-8F6D9532F6D3}.Release|Any CPU.ActiveCfg = Release|Any CPU
		{51DACEA7-A2BE-4BE2-82E8-8F6D9532F6D3}.Release|Any CPU.Build.0 = Release|Any CPU
		{51DACEA7-A2BE-4BE2-82E8-8F6D9532F6D3}.Release|x64.ActiveCfg = Release|Any CPU
		{51DACEA7-A2BE-4BE2-82E8-8F6D9532F6D3}.Release|x64.Build.0 = Release|Any CPU
		{51DACEA7-A2BE-4BE2-82E8-8F6D9532F6D3}.Release|x86.ActiveCfg = Release|Any CPU
		{51DACEA7-A2BE-4BE2-82E8-8F6D9532F6D3}.Release|x86.Build.0 = Release|Any CPU
		{5C32D6E0-A271-42F4-8059-548910D58268}.Debug|Any CPU.ActiveCfg = Debug|Any CPU
		{5C32D6E0-A271-42F4-8059-548910D58268}.Debug|Any CPU.Build.0 = Debug|Any CPU
		{5C32D6E0-A271-42F4-8059-548910D58268}.Debug|x64.ActiveCfg = Debug|Any CPU
		{5C32D6E0-A271-42F4-8059-548910D58268}.Debug|x64.Build.0 = Debug|Any CPU
		{5C32D6E0-A271-42F4-8059-548910D58268}.Debug|x86.ActiveCfg = Debug|Any CPU
		{5C32D6E0-A271-42F4-8059-548910D58268}.Debug|x86.Build.0 = Debug|Any CPU
		{5C32D6E0-A271-42F4-8059-548910D58268}.Release|Any CPU.ActiveCfg = Release|Any CPU
		{5C32D6E0-A271-42F4-8059-548910D58268}.Release|Any CPU.Build.0 = Release|Any CPU
		{5C32D6E0-A271-42F4-8059-548910D58268}.Release|x64.ActiveCfg = Release|Any CPU
		{5C32D6E0-A271-42F4-8059-548910D58268}.Release|x64.Build.0 = Release|Any CPU
		{5C32D6E0-A271-42F4-8059-548910D58268}.Release|x86.ActiveCfg = Release|Any CPU
		{5C32D6E0-A271-42F4-8059-548910D58268}.Release|x86.Build.0 = Release|Any CPU
		{9A1F206B-1F7A-43DF-8A08-D86F26B8FC81}.Debug|Any CPU.ActiveCfg = Debug|Any CPU
		{9A1F206B-1F7A-43DF-8A08-D86F26B8FC81}.Debug|Any CPU.Build.0 = Debug|Any CPU
		{9A1F206B-1F7A-43DF-8A08-D86F26B8FC81}.Debug|x64.ActiveCfg = Debug|Any CPU
		{9A1F206B-1F7A-43DF-8A08-D86F26B8FC81}.Debug|x64.Build.0 = Debug|Any CPU
		{9A1F206B-1F7A-43DF-8A08-D86F26B8FC81}.Debug|x86.ActiveCfg = Debug|Any CPU
		{9A1F206B-1F7A-43DF-8A08-D86F26B8FC81}.Debug|x86.Build.0 = Debug|Any CPU
		{9A1F206B-1F7A-43DF-8A08-D86F26B8FC81}.Release|Any CPU.ActiveCfg = Release|Any CPU
		{9A1F206B-1F7A-43DF-8A08-D86F26B8FC81}.Release|Any CPU.Build.0 = Release|Any CPU
		{9A1F206B-1F7A-43DF-8A08-D86F26B8FC81}.Release|x64.ActiveCfg = Release|Any CPU
		{9A1F206B-1F7A-43DF-8A08-D86F26B8FC81}.Release|x64.Build.0 = Release|Any CPU
		{9A1F206B-1F7A-43DF-8A08-D86F26B8FC81}.Release|x86.ActiveCfg = Release|Any CPU
		{9A1F206B-1F7A-43DF-8A08-D86F26B8FC81}.Release|x86.Build.0 = Release|Any CPU
		{4E45928C-D38F-47EF-9895-6CE80BC1A925}.Debug|Any CPU.ActiveCfg = Debug|Any CPU
		{4E45928C-D38F-47EF-9895-6CE80BC1A925}.Debug|Any CPU.Build.0 = Debug|Any CPU
		{4E45928C-D38F-47EF-9895-6CE80BC1A925}.Debug|x64.ActiveCfg = Debug|Any CPU
		{4E45928C-D38F-47EF-9895-6CE80BC1A925}.Debug|x64.Build.0 = Debug|Any CPU
		{4E45928C-D38F-47EF-9895-6CE80BC1A925}.Debug|x86.ActiveCfg = Debug|Any CPU
		{4E45928C-D38F-47EF-9895-6CE80BC1A925}.Debug|x86.Build.0 = Debug|Any CPU
		{4E45928C-D38F-47EF-9895-6CE80BC1A925}.Release|Any CPU.ActiveCfg = Release|Any CPU
		{4E45928C-D38F-47EF-9895-6CE80BC1A925}.Release|Any CPU.Build.0 = Release|Any CPU
		{4E45928C-D38F-47EF-9895-6CE80BC1A925}.Release|x64.ActiveCfg = Release|Any CPU
		{4E45928C-D38F-47EF-9895-6CE80BC1A925}.Release|x64.Build.0 = Release|Any CPU
		{4E45928C-D38F-47EF-9895-6CE80BC1A925}.Release|x86.ActiveCfg = Release|Any CPU
		{4E45928C-D38F-47EF-9895-6CE80BC1A925}.Release|x86.Build.0 = Release|Any CPU
		{0A74B3FF-299C-409B-866B-0E5E1690614F}.Debug|Any CPU.ActiveCfg = Debug|Any CPU
		{0A74B3FF-299C-409B-866B-0E5E1690614F}.Debug|Any CPU.Build.0 = Debug|Any CPU
		{0A74B3FF-299C-409B-866B-0E5E1690614F}.Debug|x64.ActiveCfg = Debug|Any CPU
		{0A74B3FF-299C-409B-866B-0E5E1690614F}.Debug|x64.Build.0 = Debug|Any CPU
		{0A74B3FF-299C-409B-866B-0E5E1690614F}.Debug|x86.ActiveCfg = Debug|Any CPU
		{0A74B3FF-299C-409B-866B-0E5E1690614F}.Debug|x86.Build.0 = Debug|Any CPU
		{0A74B3FF-299C-409B-866B-0E5E1690614F}.Release|Any CPU.ActiveCfg = Release|Any CPU
		{0A74B3FF-299C-409B-866B-0E5E1690614F}.Release|Any CPU.Build.0 = Release|Any CPU
		{0A74B3FF-299C-409B-866B-0E5E1690614F}.Release|x64.ActiveCfg = Release|Any CPU
		{0A74B3FF-299C-409B-866B-0E5E1690614F}.Release|x64.Build.0 = Release|Any CPU
		{0A74B3FF-299C-409B-866B-0E5E1690614F}.Release|x86.ActiveCfg = Release|Any CPU
		{0A74B3FF-299C-409B-866B-0E5E1690614F}.Release|x86.Build.0 = Release|Any CPU
		{B742F3AC-1FAC-4D65-9A9F-31BA7748A06F}.Debug|Any CPU.ActiveCfg = Debug|Any CPU
		{B742F3AC-1FAC-4D65-9A9F-31BA7748A06F}.Debug|Any CPU.Build.0 = Debug|Any CPU
		{B742F3AC-1FAC-4D65-9A9F-31BA7748A06F}.Debug|x64.ActiveCfg = Debug|Any CPU
		{B742F3AC-1FAC-4D65-9A9F-31BA7748A06F}.Debug|x64.Build.0 = Debug|Any CPU
		{B742F3AC-1FAC-4D65-9A9F-31BA7748A06F}.Debug|x86.ActiveCfg = Debug|Any CPU
		{B742F3AC-1FAC-4D65-9A9F-31BA7748A06F}.Debug|x86.Build.0 = Debug|Any CPU
		{B742F3AC-1FAC-4D65-9A9F-31BA7748A06F}.Release|Any CPU.ActiveCfg = Release|Any CPU
		{B742F3AC-1FAC-4D65-9A9F-31BA7748A06F}.Release|Any CPU.Build.0 = Release|Any CPU
		{B742F3AC-1FAC-4D65-9A9F-31BA7748A06F}.Release|x64.ActiveCfg = Release|Any CPU
		{B742F3AC-1FAC-4D65-9A9F-31BA7748A06F}.Release|x64.Build.0 = Release|Any CPU
		{B742F3AC-1FAC-4D65-9A9F-31BA7748A06F}.Release|x86.ActiveCfg = Release|Any CPU
		{B742F3AC-1FAC-4D65-9A9F-31BA7748A06F}.Release|x86.Build.0 = Release|Any CPU
		{D9DEBB80-3732-4526-9CB8-D95C37820E5E}.Debug|Any CPU.ActiveCfg = Debug|Any CPU
		{D9DEBB80-3732-4526-9CB8-D95C37820E5E}.Debug|Any CPU.Build.0 = Debug|Any CPU
		{D9DEBB80-3732-4526-9CB8-D95C37820E5E}.Debug|x64.ActiveCfg = Debug|Any CPU
		{D9DEBB80-3732-4526-9CB8-D95C37820E5E}.Debug|x64.Build.0 = Debug|Any CPU
		{D9DEBB80-3732-4526-9CB8-D95C37820E5E}.Debug|x86.ActiveCfg = Debug|Any CPU
		{D9DEBB80-3732-4526-9CB8-D95C37820E5E}.Debug|x86.Build.0 = Debug|Any CPU
		{D9DEBB80-3732-4526-9CB8-D95C37820E5E}.Release|Any CPU.ActiveCfg = Release|Any CPU
		{D9DEBB80-3732-4526-9CB8-D95C37820E5E}.Release|Any CPU.Build.0 = Release|Any CPU
		{D9DEBB80-3732-4526-9CB8-D95C37820E5E}.Release|x64.ActiveCfg = Release|Any CPU
		{D9DEBB80-3732-4526-9CB8-D95C37820E5E}.Release|x64.Build.0 = Release|Any CPU
		{D9DEBB80-3732-4526-9CB8-D95C37820E5E}.Release|x86.ActiveCfg = Release|Any CPU
		{D9DEBB80-3732-4526-9CB8-D95C37820E5E}.Release|x86.Build.0 = Release|Any CPU
		{82899374-EEF2-4DCF-A1A4-9C46D1081966}.Debug|Any CPU.ActiveCfg = Debug|Any CPU
		{82899374-EEF2-4DCF-A1A4-9C46D1081966}.Debug|Any CPU.Build.0 = Debug|Any CPU
		{82899374-EEF2-4DCF-A1A4-9C46D1081966}.Debug|x64.ActiveCfg = Debug|Any CPU
		{82899374-EEF2-4DCF-A1A4-9C46D1081966}.Debug|x64.Build.0 = Debug|Any CPU
		{82899374-EEF2-4DCF-A1A4-9C46D1081966}.Debug|x86.ActiveCfg = Debug|Any CPU
		{82899374-EEF2-4DCF-A1A4-9C46D1081966}.Debug|x86.Build.0 = Debug|Any CPU
		{82899374-EEF2-4DCF-A1A4-9C46D1081966}.Release|Any CPU.ActiveCfg = Release|Any CPU
		{82899374-EEF2-4DCF-A1A4-9C46D1081966}.Release|Any CPU.Build.0 = Release|Any CPU
		{82899374-EEF2-4DCF-A1A4-9C46D1081966}.Release|x64.ActiveCfg = Release|Any CPU
		{82899374-EEF2-4DCF-A1A4-9C46D1081966}.Release|x64.Build.0 = Release|Any CPU
		{82899374-EEF2-4DCF-A1A4-9C46D1081966}.Release|x86.ActiveCfg = Release|Any CPU
		{82899374-EEF2-4DCF-A1A4-9C46D1081966}.Release|x86.Build.0 = Release|Any CPU
		{CD60D0CB-7ADD-4FF9-8ED5-272AAD5C8622}.Debug|Any CPU.ActiveCfg = Debug|Any CPU
		{CD60D0CB-7ADD-4FF9-8ED5-272AAD5C8622}.Debug|Any CPU.Build.0 = Debug|Any CPU
		{CD60D0CB-7ADD-4FF9-8ED5-272AAD5C8622}.Debug|x64.ActiveCfg = Debug|Any CPU
		{CD60D0CB-7ADD-4FF9-8ED5-272AAD5C8622}.Debug|x64.Build.0 = Debug|Any CPU
		{CD60D0CB-7ADD-4FF9-8ED5-272AAD5C8622}.Debug|x86.ActiveCfg = Debug|Any CPU
		{CD60D0CB-7ADD-4FF9-8ED5-272AAD5C8622}.Debug|x86.Build.0 = Debug|Any CPU
		{CD60D0CB-7ADD-4FF9-8ED5-272AAD5C8622}.Release|Any CPU.ActiveCfg = Release|Any CPU
		{CD60D0CB-7ADD-4FF9-8ED5-272AAD5C8622}.Release|Any CPU.Build.0 = Release|Any CPU
		{CD60D0CB-7ADD-4FF9-8ED5-272AAD5C8622}.Release|x64.ActiveCfg = Release|Any CPU
		{CD60D0CB-7ADD-4FF9-8ED5-272AAD5C8622}.Release|x64.Build.0 = Release|Any CPU
		{CD60D0CB-7ADD-4FF9-8ED5-272AAD5C8622}.Release|x86.ActiveCfg = Release|Any CPU
		{CD60D0CB-7ADD-4FF9-8ED5-272AAD5C8622}.Release|x86.Build.0 = Release|Any CPU
		{98BD25CA-0338-405B-A1CA-1A63CE9DA34D}.Debug|Any CPU.ActiveCfg = Debug|Any CPU
		{98BD25CA-0338-405B-A1CA-1A63CE9DA34D}.Debug|Any CPU.Build.0 = Debug|Any CPU
		{98BD25CA-0338-405B-A1CA-1A63CE9DA34D}.Debug|x64.ActiveCfg = Debug|Any CPU
		{98BD25CA-0338-405B-A1CA-1A63CE9DA34D}.Debug|x64.Build.0 = Debug|Any CPU
		{98BD25CA-0338-405B-A1CA-1A63CE9DA34D}.Debug|x86.ActiveCfg = Debug|Any CPU
		{98BD25CA-0338-405B-A1CA-1A63CE9DA34D}.Debug|x86.Build.0 = Debug|Any CPU
		{98BD25CA-0338-405B-A1CA-1A63CE9DA34D}.Release|Any CPU.ActiveCfg = Release|Any CPU
		{98BD25CA-0338-405B-A1CA-1A63CE9DA34D}.Release|Any CPU.Build.0 = Release|Any CPU
		{98BD25CA-0338-405B-A1CA-1A63CE9DA34D}.Release|x64.ActiveCfg = Release|Any CPU
		{98BD25CA-0338-405B-A1CA-1A63CE9DA34D}.Release|x64.Build.0 = Release|Any CPU
		{98BD25CA-0338-405B-A1CA-1A63CE9DA34D}.Release|x86.ActiveCfg = Release|Any CPU
		{98BD25CA-0338-405B-A1CA-1A63CE9DA34D}.Release|x86.Build.0 = Release|Any CPU
		{36C1214F-5E63-4BA2-8C10-DD04DA5633BB}.Debug|Any CPU.ActiveCfg = Debug|Win32
		{36C1214F-5E63-4BA2-8C10-DD04DA5633BB}.Debug|x64.ActiveCfg = Debug|x64
		{36C1214F-5E63-4BA2-8C10-DD04DA5633BB}.Debug|x64.Build.0 = Debug|x64
		{36C1214F-5E63-4BA2-8C10-DD04DA5633BB}.Debug|x86.ActiveCfg = Debug|Win32
		{36C1214F-5E63-4BA2-8C10-DD04DA5633BB}.Debug|x86.Build.0 = Debug|Win32
		{36C1214F-5E63-4BA2-8C10-DD04DA5633BB}.Release|Any CPU.ActiveCfg = Release|Win32
		{36C1214F-5E63-4BA2-8C10-DD04DA5633BB}.Release|x64.ActiveCfg = Release|x64
		{36C1214F-5E63-4BA2-8C10-DD04DA5633BB}.Release|x64.Build.0 = Release|x64
		{36C1214F-5E63-4BA2-8C10-DD04DA5633BB}.Release|x86.ActiveCfg = Release|Win32
		{36C1214F-5E63-4BA2-8C10-DD04DA5633BB}.Release|x86.Build.0 = Release|Win32
	EndGlobalSection
	GlobalSection(SolutionProperties) = preSolution
		HideSolutionNode = FALSE
	EndGlobalSection
	GlobalSection(NestedProjects) = preSolution
		{81EDF4B2-6755-483B-8422-9BD10EEA09C9} = {30148431-9317-448C-9BAD-D37A5935720E}
		{51DACEA7-A2BE-4BE2-82E8-8F6D9532F6D3} = {30148431-9317-448C-9BAD-D37A5935720E}
		{43763FB1-DB19-45B6-B227-B2919EE63F26} = {C517EC55-BCAD-4B01-9717-0EFB43615CEA}
		{7FAD9DDF-9F0F-4C09-9AF9-0B9A8B607F92} = {C517EC55-BCAD-4B01-9717-0EFB43615CEA}
		{00F6D91B-EC95-41DE-A4E9-70C90538F1E5} = {68DC8700-6E1B-4F4D-914B-6D6C9EA78D82}
		{0240AA77-022A-4DAF-8679-BF1E7830850A} = {68DC8700-6E1B-4F4D-914B-6D6C9EA78D82}
		{5C32D6E0-A271-42F4-8059-548910D58268} = {0240AA77-022A-4DAF-8679-BF1E7830850A}
		{9A1F206B-1F7A-43DF-8A08-D86F26B8FC81} = {800999C2-3398-412A-BF4A-294E3354751C}
		{4E45928C-D38F-47EF-9895-6CE80BC1A925} = {00F6D91B-EC95-41DE-A4E9-70C90538F1E5}
		{0A74B3FF-299C-409B-866B-0E5E1690614F} = {00F6D91B-EC95-41DE-A4E9-70C90538F1E5}
		{B742F3AC-1FAC-4D65-9A9F-31BA7748A06F} = {00F6D91B-EC95-41DE-A4E9-70C90538F1E5}
		{D9DEBB80-3732-4526-9CB8-D95C37820E5E} = {00F6D91B-EC95-41DE-A4E9-70C90538F1E5}
		{82899374-EEF2-4DCF-A1A4-9C46D1081966} = {7FAD9DDF-9F0F-4C09-9AF9-0B9A8B607F92}
		{CD60D0CB-7ADD-4FF9-8ED5-272AAD5C8622} = {43763FB1-DB19-45B6-B227-B2919EE63F26}
		{98BD25CA-0338-405B-A1CA-1A63CE9DA34D} = {800999C2-3398-412A-BF4A-294E3354751C}
		{36C1214F-5E63-4BA2-8C10-DD04DA5633BB} = {F56CAA6A-7EB9-4719-B24F-EE71627F98A1}
	EndGlobalSection
	GlobalSection(ExtensibilityGlobals) = postSolution
		SolutionGuid = {BBC048DD-8E18-441D-BEF9-A395A421C470}
	EndGlobalSection
EndGlobal
