
Microsoft Visual Studio Solution File, Format Version 12.00
# Visual Studio Version 16
VisualStudioVersion = 16.0.28922.388
MinimumVisualStudioVersion = 10.0.40219.1
Project("{FAE04EC0-301F-11D3-BF4B-00C04F79EFBC}") = "THB Plugin Exams", "Plugins\THB Plugin Exams\THB Plugin Exams.csproj", "{4E45928C-D38F-47EF-9895-6CE80BC1A925}"
EndProject
Project("{FAE04EC0-301F-11D3-BF4B-00C04F79EFBC}") = "THB Plugin Lesson", "Plugins\THB Plugin Lesson\THB Plugin Lesson.csproj", "{0A74B3FF-299C-409B-866B-0E5E1690614F}"
EndProject
Project("{FAE04EC0-301F-11D3-BF4B-00C04F79EFBC}") = "THB Plugin Orders", "Plugins\THB Plugin Orders\THB Plugin Orders.csproj", "{B742F3AC-1FAC-4D65-9A9F-31BA7748A06F}"
EndProject
Project("{FAE04EC0-301F-11D3-BF4B-00C04F79EFBC}") = "THB Plugin Social", "Plugins\THB Plugin Social\THB Plugin Social.csproj", "{D9DEBB80-3732-4526-9CB8-D95C37820E5E}"
EndProject
Project("{2150E333-8FDC-42A3-9474-1A3956D46DE8}") = "Core", "Core", "{30148431-9317-448C-9BAD-D37A5935720E}"
EndProject
Project("{2150E333-8FDC-42A3-9474-1A3956D46DE8}") = "Addons", "Addons", "{800999C2-3398-412A-BF4A-294E3354751C}"
EndProject
Project("{2150E333-8FDC-42A3-9474-1A3956D46DE8}") = "Plugins", "Plugins", "{68DC8700-6E1B-4F4D-914B-6D6C9EA78D82}"
EndProject
Project("{9A19103F-16F7-4668-BE54-9A1E7A4F7556}") = "THB Data Server Queries", "Core\THB Data Server Queries\THB Data Server Queries.csproj", "{81EDF4B2-6755-483B-8422-9BD10EEA09C9}"
EndProject
Project("{9A19103F-16F7-4668-BE54-9A1E7A4F7556}") = "THB Data Types", "Core\THB Data Types\THB Data Types.csproj", "{51DACEA7-A2BE-4BE2-82E8-8F6D9532F6D3}"
EndProject
Project("{FAE04EC0-301F-11D3-BF4B-00C04F79EFBC}") = "WpfHandler", "Addons\WpfHandler\WpfHandler.csproj", "{9A1F206B-1F7A-43DF-8A08-D86F26B8FC81}"
EndProject
Project("{2150E333-8FDC-42A3-9474-1A3956D46DE8}") = "Apps", "Apps", "{C517EC55-BCAD-4B01-9717-0EFB43615CEA}"
EndProject
Project("{2150E333-8FDC-42A3-9474-1A3956D46DE8}") = "Clients", "Clients", "{43763FB1-DB19-45B6-B227-B2919EE63F26}"
EndProject
Project("{2150E333-8FDC-42A3-9474-1A3956D46DE8}") = "Servers", "Servers", "{7FAD9DDF-9F0F-4C09-9AF9-0B9A8B607F92}"
EndProject
Project("{FAE04EC0-301F-11D3-BF4B-00C04F79EFBC}") = "TeacherHandbook", "Apps\Clients\TeacherHandbook\TeacherHandbook.csproj", "{CD60D0CB-7ADD-4FF9-8ED5-272AAD5C8622}"
EndProject
Project("{FAE04EC0-301F-11D3-BF4B-00C04F79EFBC}") = "THB Data Server", "Apps\Servers\THB Data Server\THB Data Server.csproj", "{82899374-EEF2-4DCF-A1A4-9C46D1081966}"
EndProject
Global
	GlobalSection(SolutionConfigurationPlatforms) = preSolution
		Debug|Any CPU = Debug|Any CPU
		Release|Any CPU = Release|Any CPU
	EndGlobalSection
	GlobalSection(ProjectConfigurationPlatforms) = postSolution
		{4E45928C-D38F-47EF-9895-6CE80BC1A925}.Debug|Any CPU.ActiveCfg = Debug|Any CPU
		{4E45928C-D38F-47EF-9895-6CE80BC1A925}.Debug|Any CPU.Build.0 = Debug|Any CPU
		{4E45928C-D38F-47EF-9895-6CE80BC1A925}.Release|Any CPU.ActiveCfg = Release|Any CPU
		{4E45928C-D38F-47EF-9895-6CE80BC1A925}.Release|Any CPU.Build.0 = Release|Any CPU
		{0A74B3FF-299C-409B-866B-0E5E1690614F}.Debug|Any CPU.ActiveCfg = Debug|Any CPU
		{0A74B3FF-299C-409B-866B-0E5E1690614F}.Debug|Any CPU.Build.0 = Debug|Any CPU
		{0A74B3FF-299C-409B-866B-0E5E1690614F}.Release|Any CPU.ActiveCfg = Release|Any CPU
		{0A74B3FF-299C-409B-866B-0E5E1690614F}.Release|Any CPU.Build.0 = Release|Any CPU
		{B742F3AC-1FAC-4D65-9A9F-31BA7748A06F}.Debug|Any CPU.ActiveCfg = Debug|Any CPU
		{B742F3AC-1FAC-4D65-9A9F-31BA7748A06F}.Debug|Any CPU.Build.0 = Debug|Any CPU
		{B742F3AC-1FAC-4D65-9A9F-31BA7748A06F}.Release|Any CPU.ActiveCfg = Release|Any CPU
		{B742F3AC-1FAC-4D65-9A9F-31BA7748A06F}.Release|Any CPU.Build.0 = Release|Any CPU
		{D9DEBB80-3732-4526-9CB8-D95C37820E5E}.Debug|Any CPU.ActiveCfg = Debug|Any CPU
		{D9DEBB80-3732-4526-9CB8-D95C37820E5E}.Debug|Any CPU.Build.0 = Debug|Any CPU
		{D9DEBB80-3732-4526-9CB8-D95C37820E5E}.Release|Any CPU.ActiveCfg = Release|Any CPU
		{D9DEBB80-3732-4526-9CB8-D95C37820E5E}.Release|Any CPU.Build.0 = Release|Any CPU
		{81EDF4B2-6755-483B-8422-9BD10EEA09C9}.Debug|Any CPU.ActiveCfg = Debug|Any CPU
		{81EDF4B2-6755-483B-8422-9BD10EEA09C9}.Debug|Any CPU.Build.0 = Debug|Any CPU
		{81EDF4B2-6755-483B-8422-9BD10EEA09C9}.Release|Any CPU.ActiveCfg = Release|Any CPU
		{81EDF4B2-6755-483B-8422-9BD10EEA09C9}.Release|Any CPU.Build.0 = Release|Any CPU
		{51DACEA7-A2BE-4BE2-82E8-8F6D9532F6D3}.Debug|Any CPU.ActiveCfg = Debug|Any CPU
		{51DACEA7-A2BE-4BE2-82E8-8F6D9532F6D3}.Debug|Any CPU.Build.0 = Debug|Any CPU
		{51DACEA7-A2BE-4BE2-82E8-8F6D9532F6D3}.Release|Any CPU.ActiveCfg = Release|Any CPU
		{51DACEA7-A2BE-4BE2-82E8-8F6D9532F6D3}.Release|Any CPU.Build.0 = Release|Any CPU
		{9A1F206B-1F7A-43DF-8A08-D86F26B8FC81}.Debug|Any CPU.ActiveCfg = Debug|Any CPU
		{9A1F206B-1F7A-43DF-8A08-D86F26B8FC81}.Debug|Any CPU.Build.0 = Debug|Any CPU
		{9A1F206B-1F7A-43DF-8A08-D86F26B8FC81}.Release|Any CPU.ActiveCfg = Release|Any CPU
		{9A1F206B-1F7A-43DF-8A08-D86F26B8FC81}.Release|Any CPU.Build.0 = Release|Any CPU
		{CD60D0CB-7ADD-4FF9-8ED5-272AAD5C8622}.Debug|Any CPU.ActiveCfg = Debug|Any CPU
		{CD60D0CB-7ADD-4FF9-8ED5-272AAD5C8622}.Debug|Any CPU.Build.0 = Debug|Any CPU
		{CD60D0CB-7ADD-4FF9-8ED5-272AAD5C8622}.Release|Any CPU.ActiveCfg = Release|Any CPU
		{CD60D0CB-7ADD-4FF9-8ED5-272AAD5C8622}.Release|Any CPU.Build.0 = Release|Any CPU
		{82899374-EEF2-4DCF-A1A4-9C46D1081966}.Debug|Any CPU.ActiveCfg = Debug|Any CPU
		{82899374-EEF2-4DCF-A1A4-9C46D1081966}.Debug|Any CPU.Build.0 = Debug|Any CPU
		{82899374-EEF2-4DCF-A1A4-9C46D1081966}.Release|Any CPU.ActiveCfg = Release|Any CPU
		{82899374-EEF2-4DCF-A1A4-9C46D1081966}.Release|Any CPU.Build.0 = Release|Any CPU
	EndGlobalSection
	GlobalSection(SolutionProperties) = preSolution
		HideSolutionNode = FALSE
	EndGlobalSection
	GlobalSection(NestedProjects) = preSolution
		{4E45928C-D38F-47EF-9895-6CE80BC1A925} = {68DC8700-6E1B-4F4D-914B-6D6C9EA78D82}
		{0A74B3FF-299C-409B-866B-0E5E1690614F} = {68DC8700-6E1B-4F4D-914B-6D6C9EA78D82}
		{B742F3AC-1FAC-4D65-9A9F-31BA7748A06F} = {68DC8700-6E1B-4F4D-914B-6D6C9EA78D82}
		{D9DEBB80-3732-4526-9CB8-D95C37820E5E} = {68DC8700-6E1B-4F4D-914B-6D6C9EA78D82}
		{81EDF4B2-6755-483B-8422-9BD10EEA09C9} = {30148431-9317-448C-9BAD-D37A5935720E}
		{51DACEA7-A2BE-4BE2-82E8-8F6D9532F6D3} = {30148431-9317-448C-9BAD-D37A5935720E}
		{9A1F206B-1F7A-43DF-8A08-D86F26B8FC81} = {800999C2-3398-412A-BF4A-294E3354751C}
		{43763FB1-DB19-45B6-B227-B2919EE63F26} = {C517EC55-BCAD-4B01-9717-0EFB43615CEA}
		{7FAD9DDF-9F0F-4C09-9AF9-0B9A8B607F92} = {C517EC55-BCAD-4B01-9717-0EFB43615CEA}
		{CD60D0CB-7ADD-4FF9-8ED5-272AAD5C8622} = {43763FB1-DB19-45B6-B227-B2919EE63F26}
		{82899374-EEF2-4DCF-A1A4-9C46D1081966} = {7FAD9DDF-9F0F-4C09-9AF9-0B9A8B607F92}
	EndGlobalSection
	GlobalSection(ExtensibilityGlobals) = postSolution
		SolutionGuid = {BBC048DD-8E18-441D-BEF9-A395A421C470}
	EndGlobalSection
EndGlobal
